
Microsoft Visual Studio Solution File, Format Version 12.00
# Visual Studio Version 17
VisualStudioVersion = 17.14.36603.0
MinimumVisualStudioVersion = 10.0.40219.1
Project("{2150E333-8FDC-42A3-9474-1A3956D46DE8}") = "Task0", "Task0", "{02EA681E-C7D8-13C7-8484-4AC65E1B71E8}"
EndProject
Project("{2150E333-8FDC-42A3-9474-1A3956D46DE8}") = "Task1", "Task1", "{69DE5C57-A173-4FFB-8569-681F75F11002}"
EndProject
Project("{2150E333-8FDC-42A3-9474-1A3956D46DE8}") = "Task2", "Task2", "{78DD1D33-87A1-47F5-BD7F-5E273CB15E02}"
EndProject
Project("{2150E333-8FDC-42A3-9474-1A3956D46DE8}") = "Task3", "Task3", "{558AB416-44CD-4D3A-9FBC-517C742A3E67}"
EndProject
Project("{2150E333-8FDC-42A3-9474-1A3956D46DE8}") = "Task4", "Task4", "{67A3D4D2-5BFE-4CDA-823F-472DF1BF3CC5}"
EndProject
Project("{2150E333-8FDC-42A3-9474-1A3956D46DE8}") = "Task5", "Task5", "{CD4BD719-61BE-4DCA-81B4-1962E51ADA79}"
EndProject
Project("{2150E333-8FDC-42A3-9474-1A3956D46DE8}") = "Task6", "Task6", "{A1E9C4F1-BD03-42A7-97B8-6FB813187E3E}"
EndProject
Project("{2150E333-8FDC-42A3-9474-1A3956D46DE8}") = "Task7", "Task7", "{2EC16C08-CCB5-4621-B67F-6BE3E95BF9B8}"
EndProject
Project("{FAE04EC0-301F-11D3-BF4B-00C04F79EFBC}") = "Tyuiu.GolovanovDO.Sprint5.Task0.V26", "Tyuiu.GolovanovDO.Sprint5.Task0.V26\Tyuiu.GolovanovDO.Sprint5.Task0.V26.csproj", "{25257647-FC90-4F3F-A80D-DC7527AF3ED2}"
EndProject
Project("{FAE04EC0-301F-11D3-BF4B-00C04F79EFBC}") = "Tyuiu.GolovanovDO.Sprint5.Task0.V26.Lib", "Tyuiu.GolovanovDO.Sprint5.Task0.V26.Lib\Tyuiu.GolovanovDO.Sprint5.Task0.V26.Lib.csproj", "{6D252BC6-F593-46F5-A4C6-6C939858A04E}"
EndProject
Project("{FAE04EC0-301F-11D3-BF4B-00C04F79EFBC}") = "Tyuiu.GolovanovDO.Sprint5.Task0.V26.Test", "Tyuiu.GolovanovDO.Sprint5.Task0.V26.Test\Tyuiu.GolovanovDO.Sprint5.Task0.V26.Test.csproj", "{2C5A0E78-7B1B-44E9-8DA0-1FCB7DB4BCC7}"
EndProject
Project("{FAE04EC0-301F-11D3-BF4B-00C04F79EFBC}") = "Tyuiu.GolovanovDO.Sprint5.Task1.V18", "Tyuiu.GolovanovDO.Sprint5.Task1.V18\Tyuiu.GolovanovDO.Sprint5.Task1.V18.csproj", "{823FB0AE-4DEF-45A8-B74D-7297E7651BF1}"
EndProject
Project("{FAE04EC0-301F-11D3-BF4B-00C04F79EFBC}") = "Tyuiu.GolovanovDO.Sprint5.Task1.V18.Lib", "Tyuiu.GolovanovDO.Sprint5.Task1.V18.Lib\Tyuiu.GolovanovDO.Sprint5.Task1.V18.Lib.csproj", "{C2E49C31-A02C-480A-BBA0-8F1941871EE1}"
EndProject
Project("{FAE04EC0-301F-11D3-BF4B-00C04F79EFBC}") = "Tyuiu.GolovanovDO.Sprint5.Task1.V18.Test", "Tyuiu.GolovanovDO.Sprint5.Task1.V18.Test\Tyuiu.GolovanovDO.Sprint5.Task1.V18.Test.csproj", "{E9A1F413-F73B-4DEB-82EE-8BEA40001EC1}"
EndProject
Project("{FAE04EC0-301F-11D3-BF4B-00C04F79EFBC}") = "Tyuiu.GolovanovDO.Sprint5.Task2.V20", "Tyuiu.GolovanovDO.Sprint5.Task2.V20\Tyuiu.GolovanovDO.Sprint5.Task2.V20.csproj", "{59FD5929-F398-421B-959C-28E41006DED3}"
EndProject
Project("{FAE04EC0-301F-11D3-BF4B-00C04F79EFBC}") = "Tyuiu.GolovanovDO.Sprint5.Task2.V20.Lib", "Tyuiu.GolovanovDO.Sprint5.Task2.V20.Lib\Tyuiu.GolovanovDO.Sprint5.Task2.V20.Lib.csproj", "{558C059A-3B00-431D-BB70-78C20DDCA808}"
EndProject
Project("{FAE04EC0-301F-11D3-BF4B-00C04F79EFBC}") = "Tyuiu.GolovanovDO.Sprint5.Task2.V20.Test", "Tyuiu.GolovanovDO.Sprint5.Task2.V20.Test\Tyuiu.GolovanovDO.Sprint5.Task2.V20.Test.csproj", "{A36789C3-B76E-4E42-8E66-72889434AFAA}"
EndProject
Project("{FAE04EC0-301F-11D3-BF4B-00C04F79EFBC}") = "Tyuiu.GolovanovDO.Sprint5.Task3.V6", "Tyuiu.GolovanovDO.Sprint5.Task3.V6\Tyuiu.GolovanovDO.Sprint5.Task3.V6.csproj", "{74963347-D1AE-4985-9782-271B85F120EE}"
EndProject
Project("{FAE04EC0-301F-11D3-BF4B-00C04F79EFBC}") = "Tyuiu.GolovanovDO.Sprint5.Task3.V6.Lib", "Tyuiu.GolovanovDO.Sprint5.Task3.V6.Lib\Tyuiu.GolovanovDO.Sprint5.Task3.V6.Lib.csproj", "{0E4AF6F9-62E0-495D-86F6-F0B4E97425FC}"
EndProject
Project("{FAE04EC0-301F-11D3-BF4B-00C04F79EFBC}") = "Tyuiu.GolovanovDO.Sprint5.Task3.V6.Test", "Tyuiu.GolovanovDO.Sprint5.Task3.V6.Test\Tyuiu.GolovanovDO.Sprint5.Task3.V6.Test.csproj", "{D4392689-199B-4B06-85D5-25F45C600B98}"
EndProject
Project("{FAE04EC0-301F-11D3-BF4B-00C04F79EFBC}") = "Tyuiu.GolovanovDO.Sprint5.Task4.V1", "Tyuiu.GolovanovDO.Sprint5.Task4.V1\Tyuiu.GolovanovDO.Sprint5.Task4.V1.csproj", "{8B34218A-596A-4D00-98C9-83928044F1F3}"
EndProject
Project("{FAE04EC0-301F-11D3-BF4B-00C04F79EFBC}") = "Tyuiu.GolovanovDO.Sprint5.Task4.V1.Lib", "Tyuiu.GolovanovDO.Sprint5.Task4.V1.Lib\Tyuiu.GolovanovDO.Sprint5.Task4.V1.Lib.csproj", "{35A2E4FE-94DD-4190-BCC6-5119005D240D}"
EndProject
Project("{FAE04EC0-301F-11D3-BF4B-00C04F79EFBC}") = "Tyuiu.GolovanovDO.Sprint5.Task4.V1.Test", "Tyuiu.GolovanovDO.Sprint5.Task4.V1.Test\Tyuiu.GolovanovDO.Sprint5.Task4.V1.Test.csproj", "{D9586893-10B2-45AB-AB26-C8F3CB451CA6}"
EndProject
Project("{FAE04EC0-301F-11D3-BF4B-00C04F79EFBC}") = "Tyuiu.GolovanovDO.Sprint5.Task5.V10", "Tyuiu.GolovanovDO.Sprint5.Task5.V10\Tyuiu.GolovanovDO.Sprint5.Task5.V10.csproj", "{84288E7D-C3A6-48A1-B3FF-C2FFC4844F1F}"
EndProject
Project("{FAE04EC0-301F-11D3-BF4B-00C04F79EFBC}") = "Tyuiu.GolovanovDO.Sprint5.Task5.V10.Lib", "Tyuiu.GolovanovDO.Sprint5.Task5.V10.Lib\Tyuiu.GolovanovDO.Sprint5.Task5.V10.Lib.csproj", "{8BF9182F-5F20-4994-B378-D7A8A46E8CE2}"
EndProject
Project("{FAE04EC0-301F-11D3-BF4B-00C04F79EFBC}") = "Tyuiu.GolovanovDO.Sprint5.Task5.V10.Test", "Tyuiu.GolovanovDO.Sprint5.Task5.V10.Test\Tyuiu.GolovanovDO.Sprint5.Task5.V10.Test.csproj", "{26763D0B-266F-4158-8B9C-4A0C72D81521}"
EndProject
Project("{FAE04EC0-301F-11D3-BF4B-00C04F79EFBC}") = "Tyuiu.GolovanovDO.Sprint5.Task6.V9", "Tyuiu.GolovanovDO.Sprint5.Task6.V9\Tyuiu.GolovanovDO.Sprint5.Task6.V9.csproj", "{E212FD89-50C9-4EAA-9B65-0DBD21BC3D8A}"
EndProject
Project("{FAE04EC0-301F-11D3-BF4B-00C04F79EFBC}") = "Tyuiu.GolovanovDO.Sprint5.Task6.V9.Lib", "Tyuiu.GolovanovDO.Sprint5.Task6.V9.Lib\Tyuiu.GolovanovDO.Sprint5.Task6.V9.Lib.csproj", "{5B25AFE3-560A-4A0F-9E95-D03330BE268A}"
EndProject
Project("{FAE04EC0-301F-11D3-BF4B-00C04F79EFBC}") = "Tyuiu.GolovanovDO.Sprint5.Task6.V9.Test", "Tyuiu.GolovanovDO.Sprint5.Task6.V9.Test\Tyuiu.GolovanovDO.Sprint5.Task6.V9.Test.csproj", "{1735F1E3-12A9-4FE2-8F1F-4B04B1FEBDF0}"
EndProject
Project("{FAE04EC0-301F-11D3-BF4B-00C04F79EFBC}") = "Tyuiu.GolovanovDO.Sprint5.Task7.V19", "Tyuiu.GolovanovDO.Sprint5.Task7.V19\Tyuiu.GolovanovDO.Sprint5.Task7.V19.csproj", "{F31E9BC2-4603-4073-8FC4-ABDFB12E4E7C}"
EndProject
Project("{FAE04EC0-301F-11D3-BF4B-00C04F79EFBC}") = "Tyuiu.GolovanovDO.Sprint5.Task7.V19.Lib", "Tyuiu.GolovanovDO.Sprint5.Task7.V19.Lib\Tyuiu.GolovanovDO.Sprint5.Task7.V19.Lib.csproj", "{E7BEA28B-7B73-46E6-9711-F55AF6C0FF40}"
EndProject
Project("{FAE04EC0-301F-11D3-BF4B-00C04F79EFBC}") = "Tyuiu.GolovanovDO.Sprint5.Task7.V19.Test", "Tyuiu.GolovanovDO.Sprint5.Task7.V19.Test\Tyuiu.GolovanovDO.Sprint5.Task7.V19.Test.csproj", "{147DBAF7-D2CC-4C50-B66F-8987E536F7D5}"
EndProject
Global
	GlobalSection(SolutionConfigurationPlatforms) = preSolution
		Debug|Any CPU = Debug|Any CPU
		Release|Any CPU = Release|Any CPU
	EndGlobalSection
	GlobalSection(ProjectConfigurationPlatforms) = postSolution
		{25257647-FC90-4F3F-A80D-DC7527AF3ED2}.Debug|Any CPU.ActiveCfg = Debug|Any CPU
		{25257647-FC90-4F3F-A80D-DC7527AF3ED2}.Debug|Any CPU.Build.0 = Debug|Any CPU
		{25257647-FC90-4F3F-A80D-DC7527AF3ED2}.Release|Any CPU.ActiveCfg = Release|Any CPU
		{25257647-FC90-4F3F-A80D-DC7527AF3ED2}.Release|Any CPU.Build.0 = Release|Any CPU
		{6D252BC6-F593-46F5-A4C6-6C939858A04E}.Debug|Any CPU.ActiveCfg = Debug|Any CPU
		{6D252BC6-F593-46F5-A4C6-6C939858A04E}.Debug|Any CPU.Build.0 = Debug|Any CPU
		{6D252BC6-F593-46F5-A4C6-6C939858A04E}.Release|Any CPU.ActiveCfg = Release|Any CPU
		{6D252BC6-F593-46F5-A4C6-6C939858A04E}.Release|Any CPU.Build.0 = Release|Any CPU
		{2C5A0E78-7B1B-44E9-8DA0-1FCB7DB4BCC7}.Debug|Any CPU.ActiveCfg = Debug|Any CPU
		{2C5A0E78-7B1B-44E9-8DA0-1FCB7DB4BCC7}.Debug|Any CPU.Build.0 = Debug|Any CPU
		{2C5A0E78-7B1B-44E9-8DA0-1FCB7DB4BCC7}.Release|Any CPU.ActiveCfg = Release|Any CPU
		{2C5A0E78-7B1B-44E9-8DA0-1FCB7DB4BCC7}.Release|Any CPU.Build.0 = Release|Any CPU
		{823FB0AE-4DEF-45A8-B74D-7297E7651BF1}.Debug|Any CPU.ActiveCfg = Debug|Any CPU
		{823FB0AE-4DEF-45A8-B74D-7297E7651BF1}.Debug|Any CPU.Build.0 = Debug|Any CPU
		{823FB0AE-4DEF-45A8-B74D-7297E7651BF1}.Release|Any CPU.ActiveCfg = Release|Any CPU
		{823FB0AE-4DEF-45A8-B74D-7297E7651BF1}.Release|Any CPU.Build.0 = Release|Any CPU
		{C2E49C31-A02C-480A-BBA0-8F1941871EE1}.Debug|Any CPU.ActiveCfg = Debug|Any CPU
		{C2E49C31-A02C-480A-BBA0-8F1941871EE1}.Debug|Any CPU.Build.0 = Debug|Any CPU
		{C2E49C31-A02C-480A-BBA0-8F1941871EE1}.Release|Any CPU.ActiveCfg = Release|Any CPU
		{C2E49C31-A02C-480A-BBA0-8F1941871EE1}.Release|Any CPU.Build.0 = Release|Any CPU
		{E9A1F413-F73B-4DEB-82EE-8BEA40001EC1}.Debug|Any CPU.ActiveCfg = Debug|Any CPU
		{E9A1F413-F73B-4DEB-82EE-8BEA40001EC1}.Debug|Any CPU.Build.0 = Debug|Any CPU
		{E9A1F413-F73B-4DEB-82EE-8BEA40001EC1}.Release|Any CPU.ActiveCfg = Release|Any CPU
		{E9A1F413-F73B-4DEB-82EE-8BEA40001EC1}.Release|Any CPU.Build.0 = Release|Any CPU
		{59FD5929-F398-421B-959C-28E41006DED3}.Debug|Any CPU.ActiveCfg = Debug|Any CPU
		{59FD5929-F398-421B-959C-28E41006DED3}.Debug|Any CPU.Build.0 = Debug|Any CPU
		{59FD5929-F398-421B-959C-28E41006DED3}.Release|Any CPU.ActiveCfg = Release|Any CPU
		{59FD5929-F398-421B-959C-28E41006DED3}.Release|Any CPU.Build.0 = Release|Any CPU
		{558C059A-3B00-431D-BB70-78C20DDCA808}.Debug|Any CPU.ActiveCfg = Debug|Any CPU
		{558C059A-3B00-431D-BB70-78C20DDCA808}.Debug|Any CPU.Build.0 = Debug|Any CPU
		{558C059A-3B00-431D-BB70-78C20DDCA808}.Release|Any CPU.ActiveCfg = Release|Any CPU
		{558C059A-3B00-431D-BB70-78C20DDCA808}.Release|Any CPU.Build.0 = Release|Any CPU
		{A36789C3-B76E-4E42-8E66-72889434AFAA}.Debug|Any CPU.ActiveCfg = Debug|Any CPU
		{A36789C3-B76E-4E42-8E66-72889434AFAA}.Debug|Any CPU.Build.0 = Debug|Any CPU
		{A36789C3-B76E-4E42-8E66-72889434AFAA}.Release|Any CPU.ActiveCfg = Release|Any CPU
		{A36789C3-B76E-4E42-8E66-72889434AFAA}.Release|Any CPU.Build.0 = Release|Any CPU
		{74963347-D1AE-4985-9782-271B85F120EE}.Debug|Any CPU.ActiveCfg = Debug|Any CPU
		{74963347-D1AE-4985-9782-271B85F120EE}.Debug|Any CPU.Build.0 = Debug|Any CPU
		{74963347-D1AE-4985-9782-271B85F120EE}.Release|Any CPU.ActiveCfg = Release|Any CPU
		{74963347-D1AE-4985-9782-271B85F120EE}.Release|Any CPU.Build.0 = Release|Any CPU
		{0E4AF6F9-62E0-495D-86F6-F0B4E97425FC}.Debug|Any CPU.ActiveCfg = Debug|Any CPU
		{0E4AF6F9-62E0-495D-86F6-F0B4E97425FC}.Debug|Any CPU.Build.0 = Debug|Any CPU
		{0E4AF6F9-62E0-495D-86F6-F0B4E97425FC}.Release|Any CPU.ActiveCfg = Release|Any CPU
		{0E4AF6F9-62E0-495D-86F6-F0B4E97425FC}.Release|Any CPU.Build.0 = Release|Any CPU
		{D4392689-199B-4B06-85D5-25F45C600B98}.Debug|Any CPU.ActiveCfg = Debug|Any CPU
		{D4392689-199B-4B06-85D5-25F45C600B98}.Debug|Any CPU.Build.0 = Debug|Any CPU
		{D4392689-199B-4B06-85D5-25F45C600B98}.Release|Any CPU.ActiveCfg = Release|Any CPU
		{D4392689-199B-4B06-85D5-25F45C600B98}.Release|Any CPU.Build.0 = Release|Any CPU
		{8B34218A-596A-4D00-98C9-83928044F1F3}.Debug|Any CPU.ActiveCfg = Debug|Any CPU
		{8B34218A-596A-4D00-98C9-83928044F1F3}.Debug|Any CPU.Build.0 = Debug|Any CPU
		{8B34218A-596A-4D00-98C9-83928044F1F3}.Release|Any CPU.ActiveCfg = Release|Any CPU
		{8B34218A-596A-4D00-98C9-83928044F1F3}.Release|Any CPU.Build.0 = Release|Any CPU
		{35A2E4FE-94DD-4190-BCC6-5119005D240D}.Debug|Any CPU.ActiveCfg = Debug|Any CPU
		{35A2E4FE-94DD-4190-BCC6-5119005D240D}.Debug|Any CPU.Build.0 = Debug|Any CPU
		{35A2E4FE-94DD-4190-BCC6-5119005D240D}.Release|Any CPU.ActiveCfg = Release|Any CPU
		{35A2E4FE-94DD-4190-BCC6-5119005D240D}.Release|Any CPU.Build.0 = Release|Any CPU
		{D9586893-10B2-45AB-AB26-C8F3CB451CA6}.Debug|Any CPU.ActiveCfg = Debug|Any CPU
		{D9586893-10B2-45AB-AB26-C8F3CB451CA6}.Debug|Any CPU.Build.0 = Debug|Any CPU
		{D9586893-10B2-45AB-AB26-C8F3CB451CA6}.Release|Any CPU.ActiveCfg = Release|Any CPU
		{D9586893-10B2-45AB-AB26-C8F3CB451CA6}.Release|Any CPU.Build.0 = Release|Any CPU
		{84288E7D-C3A6-48A1-B3FF-C2FFC4844F1F}.Debug|Any CPU.ActiveCfg = Debug|Any CPU
		{84288E7D-C3A6-48A1-B3FF-C2FFC4844F1F}.Debug|Any CPU.Build.0 = Debug|Any CPU
		{84288E7D-C3A6-48A1-B3FF-C2FFC4844F1F}.Release|Any CPU.ActiveCfg = Release|Any CPU
		{84288E7D-C3A6-48A1-B3FF-C2FFC4844F1F}.Release|Any CPU.Build.0 = Release|Any CPU
		{8BF9182F-5F20-4994-B378-D7A8A46E8CE2}.Debug|Any CPU.ActiveCfg = Debug|Any CPU
		{8BF9182F-5F20-4994-B378-D7A8A46E8CE2}.Debug|Any CPU.Build.0 = Debug|Any CPU
		{8BF9182F-5F20-4994-B378-D7A8A46E8CE2}.Release|Any CPU.ActiveCfg = Release|Any CPU
		{8BF9182F-5F20-4994-B378-D7A8A46E8CE2}.Release|Any CPU.Build.0 = Release|Any CPU
		{26763D0B-266F-4158-8B9C-4A0C72D81521}.Debug|Any CPU.ActiveCfg = Debug|Any CPU
		{26763D0B-266F-4158-8B9C-4A0C72D81521}.Debug|Any CPU.Build.0 = Debug|Any CPU
		{26763D0B-266F-4158-8B9C-4A0C72D81521}.Release|Any CPU.ActiveCfg = Release|Any CPU
		{26763D0B-266F-4158-8B9C-4A0C72D81521}.Release|Any CPU.Build.0 = Release|Any CPU
		{E212FD89-50C9-4EAA-9B65-0DBD21BC3D8A}.Debug|Any CPU.ActiveCfg = Debug|Any CPU
		{E212FD89-50C9-4EAA-9B65-0DBD21BC3D8A}.Debug|Any CPU.Build.0 = Debug|Any CPU
		{E212FD89-50C9-4EAA-9B65-0DBD21BC3D8A}.Release|Any CPU.ActiveCfg = Release|Any CPU
		{E212FD89-50C9-4EAA-9B65-0DBD21BC3D8A}.Release|Any CPU.Build.0 = Release|Any CPU
		{5B25AFE3-560A-4A0F-9E95-D03330BE268A}.Debug|Any CPU.ActiveCfg = Debug|Any CPU
		{5B25AFE3-560A-4A0F-9E95-D03330BE268A}.Debug|Any CPU.Build.0 = Debug|Any CPU
		{5B25AFE3-560A-4A0F-9E95-D03330BE268A}.Release|Any CPU.ActiveCfg = Release|Any CPU
		{5B25AFE3-560A-4A0F-9E95-D03330BE268A}.Release|Any CPU.Build.0 = Release|Any CPU
		{1735F1E3-12A9-4FE2-8F1F-4B04B1FEBDF0}.Debug|Any CPU.ActiveCfg = Debug|Any CPU
		{1735F1E3-12A9-4FE2-8F1F-4B04B1FEBDF0}.Debug|Any CPU.Build.0 = Debug|Any CPU
		{1735F1E3-12A9-4FE2-8F1F-4B04B1FEBDF0}.Release|Any CPU.ActiveCfg = Release|Any CPU
		{1735F1E3-12A9-4FE2-8F1F-4B04B1FEBDF0}.Release|Any CPU.Build.0 = Release|Any CPU
		{F31E9BC2-4603-4073-8FC4-ABDFB12E4E7C}.Debug|Any CPU.ActiveCfg = Debug|Any CPU
		{F31E9BC2-4603-4073-8FC4-ABDFB12E4E7C}.Debug|Any CPU.Build.0 = Debug|Any CPU
		{F31E9BC2-4603-4073-8FC4-ABDFB12E4E7C}.Release|Any CPU.ActiveCfg = Release|Any CPU
		{F31E9BC2-4603-4073-8FC4-ABDFB12E4E7C}.Release|Any CPU.Build.0 = Release|Any CPU
		{E7BEA28B-7B73-46E6-9711-F55AF6C0FF40}.Debug|Any CPU.ActiveCfg = Debug|Any CPU
		{E7BEA28B-7B73-46E6-9711-F55AF6C0FF40}.Debug|Any CPU.Build.0 = Debug|Any CPU
		{E7BEA28B-7B73-46E6-9711-F55AF6C0FF40}.Release|Any CPU.ActiveCfg = Release|Any CPU
		{E7BEA28B-7B73-46E6-9711-F55AF6C0FF40}.Release|Any CPU.Build.0 = Release|Any CPU
		{147DBAF7-D2CC-4C50-B66F-8987E536F7D5}.Debug|Any CPU.ActiveCfg = Debug|Any CPU
		{147DBAF7-D2CC-4C50-B66F-8987E536F7D5}.Debug|Any CPU.Build.0 = Debug|Any CPU
		{147DBAF7-D2CC-4C50-B66F-8987E536F7D5}.Release|Any CPU.ActiveCfg = Release|Any CPU
		{147DBAF7-D2CC-4C50-B66F-8987E536F7D5}.Release|Any CPU.Build.0 = Release|Any CPU
	EndGlobalSection
	GlobalSection(SolutionProperties) = preSolution
		HideSolutionNode = FALSE
	EndGlobalSection
	GlobalSection(NestedProjects) = preSolution
		{25257647-FC90-4F3F-A80D-DC7527AF3ED2} = {02EA681E-C7D8-13C7-8484-4AC65E1B71E8}
		{6D252BC6-F593-46F5-A4C6-6C939858A04E} = {02EA681E-C7D8-13C7-8484-4AC65E1B71E8}
		{2C5A0E78-7B1B-44E9-8DA0-1FCB7DB4BCC7} = {02EA681E-C7D8-13C7-8484-4AC65E1B71E8}
		{823FB0AE-4DEF-45A8-B74D-7297E7651BF1} = {69DE5C57-A173-4FFB-8569-681F75F11002}
		{C2E49C31-A02C-480A-BBA0-8F1941871EE1} = {69DE5C57-A173-4FFB-8569-681F75F11002}
		{E9A1F413-F73B-4DEB-82EE-8BEA40001EC1} = {69DE5C57-A173-4FFB-8569-681F75F11002}
		{59FD5929-F398-421B-959C-28E41006DED3} = {78DD1D33-87A1-47F5-BD7F-5E273CB15E02}
		{558C059A-3B00-431D-BB70-78C20DDCA808} = {78DD1D33-87A1-47F5-BD7F-5E273CB15E02}
		{A36789C3-B76E-4E42-8E66-72889434AFAA} = {78DD1D33-87A1-47F5-BD7F-5E273CB15E02}
		{74963347-D1AE-4985-9782-271B85F120EE} = {558AB416-44CD-4D3A-9FBC-517C742A3E67}
		{0E4AF6F9-62E0-495D-86F6-F0B4E97425FC} = {558AB416-44CD-4D3A-9FBC-517C742A3E67}
		{D4392689-199B-4B06-85D5-25F45C600B98} = {558AB416-44CD-4D3A-9FBC-517C742A3E67}
		{8B34218A-596A-4D00-98C9-83928044F1F3} = {67A3D4D2-5BFE-4CDA-823F-472DF1BF3CC5}
		{35A2E4FE-94DD-4190-BCC6-5119005D240D} = {67A3D4D2-5BFE-4CDA-823F-472DF1BF3CC5}
		{D9586893-10B2-45AB-AB26-C8F3CB451CA6} = {67A3D4D2-5BFE-4CDA-823F-472DF1BF3CC5}
		{84288E7D-C3A6-48A1-B3FF-C2FFC4844F1F} = {CD4BD719-61BE-4DCA-81B4-1962E51ADA79}
		{8BF9182F-5F20-4994-B378-D7A8A46E8CE2} = {CD4BD719-61BE-4DCA-81B4-1962E51ADA79}
		{26763D0B-266F-4158-8B9C-4A0C72D81521} = {CD4BD719-61BE-4DCA-81B4-1962E51ADA79}
		{E212FD89-50C9-4EAA-9B65-0DBD21BC3D8A} = {A1E9C4F1-BD03-42A7-97B8-6FB813187E3E}
		{5B25AFE3-560A-4A0F-9E95-D03330BE268A} = {A1E9C4F1-BD03-42A7-97B8-6FB813187E3E}
		{1735F1E3-12A9-4FE2-8F1F-4B04B1FEBDF0} = {A1E9C4F1-BD03-42A7-97B8-6FB813187E3E}
		{F31E9BC2-4603-4073-8FC4-ABDFB12E4E7C} = {2EC16C08-CCB5-4621-B67F-6BE3E95BF9B8}
		{E7BEA28B-7B73-46E6-9711-F55AF6C0FF40} = {2EC16C08-CCB5-4621-B67F-6BE3E95BF9B8}
		{147DBAF7-D2CC-4C50-B66F-8987E536F7D5} = {2EC16C08-CCB5-4621-B67F-6BE3E95BF9B8}
	EndGlobalSection
	GlobalSection(ExtensibilityGlobals) = postSolution
		SolutionGuid = {EEC12156-465A-47EA-9318-222C6D747727}
	EndGlobalSection
EndGlobal
